// !$*UTF8*$!
{
	archiveVersion = 1;
	classes = {
	};
	objectVersion = 56;
	objects = {

/* Begin PBXBuildFile section */
		0B530E532ABE0C4300CAEAA2 /* AppDelegate.swift in Sources */ = {isa = PBXBuildFile; fileRef = 0B530E522ABE0C4300CAEAA2 /* AppDelegate.swift */; };
		0B530E552ABE0C4300CAEAA2 /* SceneDelegate.swift in Sources */ = {isa = PBXBuildFile; fileRef = 0B530E542ABE0C4300CAEAA2 /* SceneDelegate.swift */; };
		0B530E5A2ABE0C4300CAEAA2 /* Main.storyboard in Resources */ = {isa = PBXBuildFile; fileRef = 0B530E582ABE0C4300CAEAA2 /* Main.storyboard */; };
		0B530E5C2ABE0C4600CAEAA2 /* Assets.xcassets in Resources */ = {isa = PBXBuildFile; fileRef = 0B530E5B2ABE0C4600CAEAA2 /* Assets.xcassets */; };
		0B530E5F2ABE0C4600CAEAA2 /* LaunchScreen.storyboard in Resources */ = {isa = PBXBuildFile; fileRef = 0B530E5D2ABE0C4600CAEAA2 /* LaunchScreen.storyboard */; };
		0B530E672ABE0DB700CAEAA2 /* ViewController.swift in Sources */ = {isa = PBXBuildFile; fileRef = 0B530E662ABE0DB700CAEAA2 /* ViewController.swift */; };
		0B530E6A2ABE0E8100CAEAA2 /* HomeTableViewCell.swift in Sources */ = {isa = PBXBuildFile; fileRef = 0B530E682ABE0E8100CAEAA2 /* HomeTableViewCell.swift */; };
		0B530E6B2ABE0E8100CAEAA2 /* HomeTableViewCell.xib in Resources */ = {isa = PBXBuildFile; fileRef = 0B530E692ABE0E8100CAEAA2 /* HomeTableViewCell.xib */; };
		0B5606422AC0954000F0E9C1 /* ItemInboxCollectionViewCell.swift in Sources */ = {isa = PBXBuildFile; fileRef = 0B5606402AC0954000F0E9C1 /* ItemInboxCollectionViewCell.swift */; };
		0B5606432AC0954000F0E9C1 /* ItemInboxCollectionViewCell.xib in Resources */ = {isa = PBXBuildFile; fileRef = 0B5606412AC0954000F0E9C1 /* ItemInboxCollectionViewCell.xib */; };
		0B6366522ABE146300B7DF49 /* SecondViewController.swift in Sources */ = {isa = PBXBuildFile; fileRef = 0B6366512ABE146300B7DF49 /* SecondViewController.swift */; };
		0B8714D82ABF27ED000702A8 /* CollectionViewCell.swift in Sources */ = {isa = PBXBuildFile; fileRef = 0B8714D62ABF27ED000702A8 /* CollectionViewCell.swift */; };
		0B8714D92ABF27ED000702A8 /* CollectionViewCell.xib in Resources */ = {isa = PBXBuildFile; fileRef = 0B8714D72ABF27ED000702A8 /* CollectionViewCell.xib */; };
		0B8714DC2ABF296B000702A8 /* SecondTableViewCell.swift in Sources */ = {isa = PBXBuildFile; fileRef = 0B8714DA2ABF296B000702A8 /* SecondTableViewCell.swift */; };
		0B8714DD2ABF296B000702A8 /* SecondTableViewCell.xib in Resources */ = {isa = PBXBuildFile; fileRef = 0B8714DB2ABF296B000702A8 /* SecondTableViewCell.xib */; };
		0B8714E12ABF3B11000702A8 /* DownloadTableViewCell.swift in Sources */ = {isa = PBXBuildFile; fileRef = 0B8714DF2ABF3B11000702A8 /* DownloadTableViewCell.swift */; };
		0B8714E22ABF3B11000702A8 /* DownloadTableViewCell.xib in Resources */ = {isa = PBXBuildFile; fileRef = 0B8714E02ABF3B11000702A8 /* DownloadTableViewCell.xib */; };
		0B8714E52ABF3D88000702A8 /* IBAnimatable in Frameworks */ = {isa = PBXBuildFile; productRef = 0B8714E42ABF3D88000702A8 /* IBAnimatable */; };
		0B8714E82ABF3E04000702A8 /* Loady in Frameworks */ = {isa = PBXBuildFile; productRef = 0B8714E72ABF3E04000702A8 /* Loady */; };
/* End PBXBuildFile section */

/* Begin PBXFileReference section */
		0B530E4F2ABE0C4300CAEAA2 /* TotalityCorpAssignment.app */ = {isa = PBXFileReference; explicitFileType = wrapper.application; includeInIndex = 0; path = TotalityCorpAssignment.app; sourceTree = BUILT_PRODUCTS_DIR; };
		0B530E522ABE0C4300CAEAA2 /* AppDelegate.swift */ = {isa = PBXFileReference; lastKnownFileType = sourcecode.swift; path = AppDelegate.swift; sourceTree = "<group>"; };
		0B530E542ABE0C4300CAEAA2 /* SceneDelegate.swift */ = {isa = PBXFileReference; lastKnownFileType = sourcecode.swift; path = SceneDelegate.swift; sourceTree = "<group>"; };
		0B530E592ABE0C4300CAEAA2 /* Base */ = {isa = PBXFileReference; lastKnownFileType = file.storyboard; name = Base; path = Base.lproj/Main.storyboard; sourceTree = "<group>"; };
		0B530E5B2ABE0C4600CAEAA2 /* Assets.xcassets */ = {isa = PBXFileReference; lastKnownFileType = folder.assetcatalog; path = Assets.xcassets; sourceTree = "<group>"; };
		0B530E5E2ABE0C4600CAEAA2 /* Base */ = {isa = PBXFileReference; lastKnownFileType = file.storyboard; name = Base; path = Base.lproj/LaunchScreen.storyboard; sourceTree = "<group>"; };
		0B530E602ABE0C4600CAEAA2 /* Info.plist */ = {isa = PBXFileReference; lastKnownFileType = text.plist.xml; path = Info.plist; sourceTree = "<group>"; };
		0B530E662ABE0DB700CAEAA2 /* ViewController.swift */ = {isa = PBXFileReference; lastKnownFileType = sourcecode.swift; path = ViewController.swift; sourceTree = "<group>"; };
		0B530E682ABE0E8100CAEAA2 /* HomeTableViewCell.swift */ = {isa = PBXFileReference; lastKnownFileType = sourcecode.swift; path = HomeTableViewCell.swift; sourceTree = "<group>"; };
		0B530E692ABE0E8100CAEAA2 /* HomeTableViewCell.xib */ = {isa = PBXFileReference; lastKnownFileType = file.xib; path = HomeTableViewCell.xib; sourceTree = "<group>"; };
		0B5606402AC0954000F0E9C1 /* ItemInboxCollectionViewCell.swift */ = {isa = PBXFileReference; lastKnownFileType = sourcecode.swift; path = ItemInboxCollectionViewCell.swift; sourceTree = "<group>"; };
		0B5606412AC0954000F0E9C1 /* ItemInboxCollectionViewCell.xib */ = {isa = PBXFileReference; lastKnownFileType = file.xib; path = ItemInboxCollectionViewCell.xib; sourceTree = "<group>"; };
		0B6366512ABE146300B7DF49 /* SecondViewController.swift */ = {isa = PBXFileReference; lastKnownFileType = sourcecode.swift; path = SecondViewController.swift; sourceTree = "<group>"; };
		0B8714D62ABF27ED000702A8 /* CollectionViewCell.swift */ = {isa = PBXFileReference; lastKnownFileType = sourcecode.swift; path = CollectionViewCell.swift; sourceTree = "<group>"; };
		0B8714D72ABF27ED000702A8 /* CollectionViewCell.xib */ = {isa = PBXFileReference; lastKnownFileType = file.xib; path = CollectionViewCell.xib; sourceTree = "<group>"; };
		0B8714DA2ABF296B000702A8 /* SecondTableViewCell.swift */ = {isa = PBXFileReference; lastKnownFileType = sourcecode.swift; path = SecondTableViewCell.swift; sourceTree = "<group>"; };
		0B8714DB2ABF296B000702A8 /* SecondTableViewCell.xib */ = {isa = PBXFileReference; lastKnownFileType = file.xib; path = SecondTableViewCell.xib; sourceTree = "<group>"; };
		0B8714DF2ABF3B11000702A8 /* DownloadTableViewCell.swift */ = {isa = PBXFileReference; lastKnownFileType = sourcecode.swift; path = DownloadTableViewCell.swift; sourceTree = "<group>"; };
		0B8714E02ABF3B11000702A8 /* DownloadTableViewCell.xib */ = {isa = PBXFileReference; lastKnownFileType = file.xib; path = DownloadTableViewCell.xib; sourceTree = "<group>"; };
/* End PBXFileReference section */

/* Begin PBXFrameworksBuildPhase section */
		0B530E4C2ABE0C4300CAEAA2 /* Frameworks */ = {
			isa = PBXFrameworksBuildPhase;
			buildActionMask = 2147483647;
			files = (
				0B8714E82ABF3E04000702A8 /* Loady in Frameworks */,
				0B8714E52ABF3D88000702A8 /* IBAnimatable in Frameworks */,
			);
			runOnlyForDeploymentPostprocessing = 0;
		};
/* End PBXFrameworksBuildPhase section */

/* Begin PBXGroup section */
		0B530E462ABE0C4300CAEAA2 = {
			isa = PBXGroup;
			children = (
				0B530E512ABE0C4300CAEAA2 /* TotalityCorpAssignment */,
				0B530E502ABE0C4300CAEAA2 /* Products */,
			);
			sourceTree = "<group>";
		};
		0B530E502ABE0C4300CAEAA2 /* Products */ = {
			isa = PBXGroup;
			children = (
				0B530E4F2ABE0C4300CAEAA2 /* TotalityCorpAssignment.app */,
			);
			name = Products;
			sourceTree = "<group>";
		};
		0B530E512ABE0C4300CAEAA2 /* TotalityCorpAssignment */ = {
			isa = PBXGroup;
			children = (
				0B5606442AC0A6CE00F0E9C1 /* Utilities */,
				0B5606452AC0A70500F0E9C1 /* Controller */,
				0B5606462AC0A72800F0E9C1 /* View */,
				0B530E5B2ABE0C4600CAEAA2 /* Assets.xcassets */,
				0B530E602ABE0C4600CAEAA2 /* Info.plist */,
			);
			path = TotalityCorpAssignment;
			sourceTree = "<group>";
		};
		0B530E6C2ABE0E8B00CAEAA2 /* MainTableViewCell */ = {
			isa = PBXGroup;
			children = (
				0B530E682ABE0E8100CAEAA2 /* HomeTableViewCell.swift */,
				0B530E692ABE0E8100CAEAA2 /* HomeTableViewCell.xib */,
			);
			path = MainTableViewCell;
			sourceTree = "<group>";
		};
		0B5606442AC0A6CE00F0E9C1 /* Utilities */ = {
			isa = PBXGroup;
			children = (
				0B530E542ABE0C4300CAEAA2 /* SceneDelegate.swift */,
				0B530E522ABE0C4300CAEAA2 /* AppDelegate.swift */,
			);
			path = Utilities;
			sourceTree = "<group>";
		};
		0B5606452AC0A70500F0E9C1 /* Controller */ = {
			isa = PBXGroup;
			children = (
				0B8714DE2ABF2970000702A8 /* SecondTableCells */,
				0B8714D52ABF279D000702A8 /* CollectionViewCells */,
				0B530E6C2ABE0E8B00CAEAA2 /* MainTableViewCell */,
				0B530E662ABE0DB700CAEAA2 /* ViewController.swift */,
				0B6366512ABE146300B7DF49 /* SecondViewController.swift */,
			);
			path = Controller;
			sourceTree = "<group>";
		};
		0B5606462AC0A72800F0E9C1 /* View */ = {
			isa = PBXGroup;
			children = (
				0B530E582ABE0C4300CAEAA2 /* Main.storyboard */,
				0B530E5D2ABE0C4600CAEAA2 /* LaunchScreen.storyboard */,
			);
			path = View;
			sourceTree = "<group>";
		};
		0B8714D52ABF279D000702A8 /* CollectionViewCells */ = {
			isa = PBXGroup;
			children = (
				0B8714D62ABF27ED000702A8 /* CollectionViewCell.swift */,
				0B8714D72ABF27ED000702A8 /* CollectionViewCell.xib */,
				0B5606402AC0954000F0E9C1 /* ItemInboxCollectionViewCell.swift */,
				0B5606412AC0954000F0E9C1 /* ItemInboxCollectionViewCell.xib */,
			);
			path = CollectionViewCells;
			sourceTree = "<group>";
		};
		0B8714DE2ABF2970000702A8 /* SecondTableCells */ = {
			isa = PBXGroup;
			children = (
				0B8714DA2ABF296B000702A8 /* SecondTableViewCell.swift */,
				0B8714DB2ABF296B000702A8 /* SecondTableViewCell.xib */,
				0B8714DF2ABF3B11000702A8 /* DownloadTableViewCell.swift */,
				0B8714E02ABF3B11000702A8 /* DownloadTableViewCell.xib */,
			);
			path = SecondTableCells;
			sourceTree = "<group>";
		};
/* End PBXGroup section */

/* Begin PBXNativeTarget section */
		0B530E4E2ABE0C4300CAEAA2 /* TotalityCorpAssignment */ = {
			isa = PBXNativeTarget;
			buildConfigurationList = 0B530E632ABE0C4600CAEAA2 /* Build configuration list for PBXNativeTarget "TotalityCorpAssignment" */;
			buildPhases = (
				0B530E4B2ABE0C4300CAEAA2 /* Sources */,
				0B530E4C2ABE0C4300CAEAA2 /* Frameworks */,
				0B530E4D2ABE0C4300CAEAA2 /* Resources */,
			);
			buildRules = (
			);
			dependencies = (
			);
			name = TotalityCorpAssignment;
			packageProductDependencies = (
				0B8714E42ABF3D88000702A8 /* IBAnimatable */,
				0B8714E72ABF3E04000702A8 /* Loady */,
			);
			productName = TotalityCorpAssignment;
			productReference = 0B530E4F2ABE0C4300CAEAA2 /* TotalityCorpAssignment.app */;
			productType = "com.apple.product-type.application";
		};
/* End PBXNativeTarget section */

/* Begin PBXProject section */
		0B530E472ABE0C4300CAEAA2 /* Project object */ = {
			isa = PBXProject;
			attributes = {
				BuildIndependentTargetsInParallel = 1;
				LastSwiftUpdateCheck = 1430;
				LastUpgradeCheck = 1430;
				TargetAttributes = {
					0B530E4E2ABE0C4300CAEAA2 = {
						CreatedOnToolsVersion = 14.3.1;
					};
				};
			};
			buildConfigurationList = 0B530E4A2ABE0C4300CAEAA2 /* Build configuration list for PBXProject "TotalityCorpAssignment" */;
			compatibilityVersion = "Xcode 14.0";
			developmentRegion = en;
			hasScannedForEncodings = 0;
			knownRegions = (
				en,
				Base,
			);
			mainGroup = 0B530E462ABE0C4300CAEAA2;
			packageReferences = (
				0B8714E32ABF3D88000702A8 /* XCRemoteSwiftPackageReference "IBAnimatable" */,
				0B8714E62ABF3E04000702A8 /* XCRemoteSwiftPackageReference "loady" */,
			);
			productRefGroup = 0B530E502ABE0C4300CAEAA2 /* Products */;
			projectDirPath = "";
			projectRoot = "";
			targets = (
				0B530E4E2ABE0C4300CAEAA2 /* TotalityCorpAssignment */,
			);
		};
/* End PBXProject section */

/* Begin PBXResourcesBuildPhase section */
		0B530E4D2ABE0C4300CAEAA2 /* Resources */ = {
			isa = PBXResourcesBuildPhase;
			buildActionMask = 2147483647;
			files = (
				0B530E5F2ABE0C4600CAEAA2 /* LaunchScreen.storyboard in Resources */,
				0B8714DD2ABF296B000702A8 /* SecondTableViewCell.xib in Resources */,
				0B8714D92ABF27ED000702A8 /* CollectionViewCell.xib in Resources */,
				0B8714E22ABF3B11000702A8 /* DownloadTableViewCell.xib in Resources */,
				0B530E5C2ABE0C4600CAEAA2 /* Assets.xcassets in Resources */,
				0B530E6B2ABE0E8100CAEAA2 /* HomeTableViewCell.xib in Resources */,
				0B530E5A2ABE0C4300CAEAA2 /* Main.storyboard in Resources */,
				0B5606432AC0954000F0E9C1 /* ItemInboxCollectionViewCell.xib in Resources */,
			);
			runOnlyForDeploymentPostprocessing = 0;
		};
/* End PBXResourcesBuildPhase section */

/* Begin PBXSourcesBuildPhase section */
		0B530E4B2ABE0C4300CAEAA2 /* Sources */ = {
			isa = PBXSourcesBuildPhase;
			buildActionMask = 2147483647;
			files = (
				0B530E672ABE0DB700CAEAA2 /* ViewController.swift in Sources */,
				0B8714E12ABF3B11000702A8 /* DownloadTableViewCell.swift in Sources */,
				0B530E532ABE0C4300CAEAA2 /* AppDelegate.swift in Sources */,
				0B8714D82ABF27ED000702A8 /* CollectionViewCell.swift in Sources */,
				0B530E6A2ABE0E8100CAEAA2 /* HomeTableViewCell.swift in Sources */,
				0B6366522ABE146300B7DF49 /* SecondViewController.swift in Sources */,
				0B8714DC2ABF296B000702A8 /* SecondTableViewCell.swift in Sources */,
				0B5606422AC0954000F0E9C1 /* ItemInboxCollectionViewCell.swift in Sources */,
				0B530E552ABE0C4300CAEAA2 /* SceneDelegate.swift in Sources */,
			);
			runOnlyForDeploymentPostprocessing = 0;
		};
/* End PBXSourcesBuildPhase section */

/* Begin PBXVariantGroup section */
		0B530E582ABE0C4300CAEAA2 /* Main.storyboard */ = {
			isa = PBXVariantGroup;
			children = (
				0B530E592ABE0C4300CAEAA2 /* Base */,
			);
			name = Main.storyboard;
			sourceTree = "<group>";
		};
		0B530E5D2ABE0C4600CAEAA2 /* LaunchScreen.storyboard */ = {
			isa = PBXVariantGroup;
			children = (
				0B530E5E2ABE0C4600CAEAA2 /* Base */,
			);
			name = LaunchScreen.storyboard;
			sourceTree = "<group>";
		};
/* End PBXVariantGroup section */

/* Begin XCBuildConfiguration section */
		0B530E612ABE0C4600CAEAA2 /* Debug */ = {
			isa = XCBuildConfiguration;
			buildSettings = {
				ALWAYS_SEARCH_USER_PATHS = NO;
				CLANG_ANALYZER_NONNULL = YES;
				CLANG_ANALYZER_NUMBER_OBJECT_CONVERSION = YES_AGGRESSIVE;
				CLANG_CXX_LANGUAGE_STANDARD = "gnu++20";
				CLANG_ENABLE_MODULES = YES;
				CLANG_ENABLE_OBJC_ARC = YES;
				CLANG_ENABLE_OBJC_WEAK = YES;
				CLANG_WARN_BLOCK_CAPTURE_AUTORELEASING = YES;
				CLANG_WARN_BOOL_CONVERSION = YES;
				CLANG_WARN_COMMA = YES;
				CLANG_WARN_CONSTANT_CONVERSION = YES;
				CLANG_WARN_DEPRECATED_OBJC_IMPLEMENTATIONS = YES;
				CLANG_WARN_DIRECT_OBJC_ISA_USAGE = YES_ERROR;
				CLANG_WARN_DOCUMENTATION_COMMENTS = YES;
				CLANG_WARN_EMPTY_BODY = YES;
				CLANG_WARN_ENUM_CONVERSION = YES;
				CLANG_WARN_INFINITE_RECURSION = YES;
				CLANG_WARN_INT_CONVERSION = YES;
				CLANG_WARN_NON_LITERAL_NULL_CONVERSION = YES;
				CLANG_WARN_OBJC_IMPLICIT_RETAIN_SELF = YES;
				CLANG_WARN_OBJC_LITERAL_CONVERSION = YES;
				CLANG_WARN_OBJC_ROOT_CLASS = YES_ERROR;
				CLANG_WARN_QUOTED_INCLUDE_IN_FRAMEWORK_HEADER = YES;
				CLANG_WARN_RANGE_LOOP_ANALYSIS = YES;
				CLANG_WARN_STRICT_PROTOTYPES = YES;
				CLANG_WARN_SUSPICIOUS_MOVE = YES;
				CLANG_WARN_UNGUARDED_AVAILABILITY = YES_AGGRESSIVE;
				CLANG_WARN_UNREACHABLE_CODE = YES;
				CLANG_WARN__DUPLICATE_METHOD_MATCH = YES;
				COPY_PHASE_STRIP = NO;
				DEBUG_INFORMATION_FORMAT = dwarf;
				ENABLE_STRICT_OBJC_MSGSEND = YES;
				ENABLE_TESTABILITY = YES;
				GCC_C_LANGUAGE_STANDARD = gnu11;
				GCC_DYNAMIC_NO_PIC = NO;
				GCC_NO_COMMON_BLOCKS = YES;
				GCC_OPTIMIZATION_LEVEL = 0;
				GCC_PREPROCESSOR_DEFINITIONS = (
					"DEBUG=1",
					"$(inherited)",
				);
				GCC_WARN_64_TO_32_BIT_CONVERSION = YES;
				GCC_WARN_ABOUT_RETURN_TYPE = YES_ERROR;
				GCC_WARN_UNDECLARED_SELECTOR = YES;
				GCC_WARN_UNINITIALIZED_AUTOS = YES_AGGRESSIVE;
				GCC_WARN_UNUSED_FUNCTION = YES;
				GCC_WARN_UNUSED_VARIABLE = YES;
				IPHONEOS_DEPLOYMENT_TARGET = 16.4;
				MTL_ENABLE_DEBUG_INFO = INCLUDE_SOURCE;
				MTL_FAST_MATH = YES;
				ONLY_ACTIVE_ARCH = YES;
				SDKROOT = iphoneos;
				SWIFT_ACTIVE_COMPILATION_CONDITIONS = DEBUG;
				SWIFT_OPTIMIZATION_LEVEL = "-Onone";
			};
			name = Debug;
		};
		0B530E622ABE0C4600CAEAA2 /* Release */ = {
			isa = XCBuildConfiguration;
			buildSettings = {
				ALWAYS_SEARCH_USER_PATHS = NO;
				CLANG_ANALYZER_NONNULL = YES;
				CLANG_ANALYZER_NUMBER_OBJECT_CONVERSION = YES_AGGRESSIVE;
				CLANG_CXX_LANGUAGE_STANDARD = "gnu++20";
				CLANG_ENABLE_MODULES = YES;
				CLANG_ENABLE_OBJC_ARC = YES;
				CLANG_ENABLE_OBJC_WEAK = YES;
				CLANG_WARN_BLOCK_CAPTURE_AUTORELEASING = YES;
				CLANG_WARN_BOOL_CONVERSION = YES;
				CLANG_WARN_COMMA = YES;
				CLANG_WARN_CONSTANT_CONVERSION = YES;
				CLANG_WARN_DEPRECATED_OBJC_IMPLEMENTATIONS = YES;
				CLANG_WARN_DIRECT_OBJC_ISA_USAGE = YES_ERROR;
				CLANG_WARN_DOCUMENTATION_COMMENTS = YES;
				CLANG_WARN_EMPTY_BODY = YES;
				CLANG_WARN_ENUM_CONVERSION = YES;
				CLANG_WARN_INFINITE_RECURSION = YES;
				CLANG_WARN_INT_CONVERSION = YES;
				CLANG_WARN_NON_LITERAL_NULL_CONVERSION = YES;
				CLANG_WARN_OBJC_IMPLICIT_RETAIN_SELF = YES;
				CLANG_WARN_OBJC_LITERAL_CONVERSION = YES;
				CLANG_WARN_OBJC_ROOT_CLASS = YES_ERROR;
				CLANG_WARN_QUOTED_INCLUDE_IN_FRAMEWORK_HEADER = YES;
				CLANG_WARN_RANGE_LOOP_ANALYSIS = YES;
				CLANG_WARN_STRICT_PROTOTYPES = YES;
				CLANG_WARN_SUSPICIOUS_MOVE = YES;
				CLANG_WARN_UNGUARDED_AVAILABILITY = YES_AGGRESSIVE;
				CLANG_WARN_UNREACHABLE_CODE = YES;
				CLANG_WARN__DUPLICATE_METHOD_MATCH = YES;
				COPY_PHASE_STRIP = NO;
				DEBUG_INFORMATION_FORMAT = "dwarf-with-dsym";
				ENABLE_NS_ASSERTIONS = NO;
				ENABLE_STRICT_OBJC_MSGSEND = YES;
				GCC_C_LANGUAGE_STANDARD = gnu11;
				GCC_NO_COMMON_BLOCKS = YES;
				GCC_WARN_64_TO_32_BIT_CONVERSION = YES;
				GCC_WARN_ABOUT_RETURN_TYPE = YES_ERROR;
				GCC_WARN_UNDECLARED_SELECTOR = YES;
				GCC_WARN_UNINITIALIZED_AUTOS = YES_AGGRESSIVE;
				GCC_WARN_UNUSED_FUNCTION = YES;
				GCC_WARN_UNUSED_VARIABLE = YES;
				IPHONEOS_DEPLOYMENT_TARGET = 16.4;
				MTL_ENABLE_DEBUG_INFO = NO;
				MTL_FAST_MATH = YES;
				SDKROOT = iphoneos;
				SWIFT_COMPILATION_MODE = wholemodule;
				SWIFT_OPTIMIZATION_LEVEL = "-O";
				VALIDATE_PRODUCT = YES;
			};
			name = Release;
		};
		0B530E642ABE0C4600CAEAA2 /* Debug */ = {
			isa = XCBuildConfiguration;
			buildSettings = {
				ASSETCATALOG_COMPILER_APPICON_NAME = AppIcon;
				ASSETCATALOG_COMPILER_GLOBAL_ACCENT_COLOR_NAME = AccentColor;
				CODE_SIGN_STYLE = Automatic;
				CURRENT_PROJECT_VERSION = 1;
				GENERATE_INFOPLIST_FILE = YES;
				INFOPLIST_FILE = TotalityCorpAssignment/Info.plist;
				INFOPLIST_KEY_UIApplicationSupportsIndirectInputEvents = YES;
				INFOPLIST_KEY_UILaunchStoryboardName = LaunchScreen;
				INFOPLIST_KEY_UIMainStoryboardFile = Main;
				INFOPLIST_KEY_UISupportedInterfaceOrientations_iPad = "UIInterfaceOrientationPortrait UIInterfaceOrientationPortraitUpsideDown UIInterfaceOrientationLandscapeLeft UIInterfaceOrientationLandscapeRight";
				INFOPLIST_KEY_UISupportedInterfaceOrientations_iPhone = "UIInterfaceOrientationPortrait UIInterfaceOrientationLandscapeLeft UIInterfaceOrientationLandscapeRight";
				LD_RUNPATH_SEARCH_PATHS = (
					"$(inherited)",
					"@executable_path/Frameworks",
				);
				MARKETING_VERSION = 1.0;
				PRODUCT_BUNDLE_IDENTIFIER = com.vaibhavshah.TotalityCorpAssignment;
				PRODUCT_NAME = "$(TARGET_NAME)";
				SWIFT_EMIT_LOC_STRINGS = YES;
				SWIFT_VERSION = 5.0;
				TARGETED_DEVICE_FAMILY = "1,2";
			};
			name = Debug;
		};
		0B530E652ABE0C4600CAEAA2 /* Release */ = {
			isa = XCBuildConfiguration;
			buildSettings = {
				ASSETCATALOG_COMPILER_APPICON_NAME = AppIcon;
				ASSETCATALOG_COMPILER_GLOBAL_ACCENT_COLOR_NAME = AccentColor;
				CODE_SIGN_STYLE = Automatic;
				CURRENT_PROJECT_VERSION = 1;
				GENERATE_INFOPLIST_FILE = YES;
				INFOPLIST_FILE = TotalityCorpAssignment/Info.plist;
				INFOPLIST_KEY_UIApplicationSupportsIndirectInputEvents = YES;
				INFOPLIST_KEY_UILaunchStoryboardName = LaunchScreen;
				INFOPLIST_KEY_UIMainStoryboardFile = Main;
				INFOPLIST_KEY_UISupportedInterfaceOrientations_iPad = "UIInterfaceOrientationPortrait UIInterfaceOrientationPortraitUpsideDown UIInterfaceOrientationLandscapeLeft UIInterfaceOrientationLandscapeRight";
				INFOPLIST_KEY_UISupportedInterfaceOrientations_iPhone = "UIInterfaceOrientationPortrait UIInterfaceOrientationLandscapeLeft UIInterfaceOrientationLandscapeRight";
				LD_RUNPATH_SEARCH_PATHS = (
					"$(inherited)",
					"@executable_path/Frameworks",
				);
				MARKETING_VERSION = 1.0;
				PRODUCT_BUNDLE_IDENTIFIER = com.vaibhavshah.TotalityCorpAssignment;
				PRODUCT_NAME = "$(TARGET_NAME)";
				SWIFT_EMIT_LOC_STRINGS = YES;
				SWIFT_VERSION = 5.0;
				TARGETED_DEVICE_FAMILY = "1,2";
			};
			name = Release;
		};
/* End XCBuildConfiguration section */

/* Begin XCConfigurationList section */
		0B530E4A2ABE0C4300CAEAA2 /* Build configuration list for PBXProject "TotalityCorpAssignment" */ = {
			isa = XCConfigurationList;
			buildConfigurations = (
				0B530E612ABE0C4600CAEAA2 /* Debug */,
				0B530E622ABE0C4600CAEAA2 /* Release */,
			);
			defaultConfigurationIsVisible = 0;
			defaultConfigurationName = Release;
		};
		0B530E632ABE0C4600CAEAA2 /* Build configuration list for PBXNativeTarget "TotalityCorpAssignment" */ = {
			isa = XCConfigurationList;
			buildConfigurations = (
				0B530E642ABE0C4600CAEAA2 /* Debug */,
				0B530E652ABE0C4600CAEAA2 /* Release */,
			);
			defaultConfigurationIsVisible = 0;
			defaultConfigurationName = Release;
		};
/* End XCConfigurationList section */

/* Begin XCRemoteSwiftPackageReference section */
		0B8714E32ABF3D88000702A8 /* XCRemoteSwiftPackageReference "IBAnimatable" */ = {
			isa = XCRemoteSwiftPackageReference;
			repositoryURL = "https://github.com/IBAnimatable/IBAnimatable.git";
			requirement = {
				kind = upToNextMajorVersion;
				minimumVersion = 6.0.0;
			};
		};
		0B8714E62ABF3E04000702A8 /* XCRemoteSwiftPackageReference "loady" */ = {
			isa = XCRemoteSwiftPackageReference;
			repositoryURL = "https://github.com/farshadjahanmanesh/loady.git";
			requirement = {
				kind = upToNextMajorVersion;
				minimumVersion = 1.0.0;
			};
		};
/* End XCRemoteSwiftPackageReference section */

/* Begin XCSwiftPackageProductDependency section */
		0B8714E42ABF3D88000702A8 /* IBAnimatable */ = {
			isa = XCSwiftPackageProductDependency;
			package = 0B8714E32ABF3D88000702A8 /* XCRemoteSwiftPackageReference "IBAnimatable" */;
			productName = IBAnimatable;
		};
		0B8714E72ABF3E04000702A8 /* Loady */ = {
			isa = XCSwiftPackageProductDependency;
			package = 0B8714E62ABF3E04000702A8 /* XCRemoteSwiftPackageReference "loady" */;
			productName = Loady;
		};
/* End XCSwiftPackageProductDependency section */
	};
	rootObject = 0B530E472ABE0C4300CAEAA2 /* Project object */;
}
